
Microsoft Visual Studio Solution File, Format Version 12.00
# Visual Studio Version 17
VisualStudioVersion = 17.0.32112.339
MinimumVisualStudioVersion = 10.0.40219.1
Project("{FAE04EC0-301F-11D3-BF4B-00C04F79EFBC}") = "Prova1.ConsoleApp", "Prova1.ConsoleApp\Prova1.ConsoleApp.csproj", "{39067DED-AC40-43E3-9129-11AD10ACC390}"
EndProject
Global
	GlobalSection(SolutionConfigurationPlatforms) = preSolution
		Debug|Any CPU = Debug|Any CPU
		Release|Any CPU = Release|Any CPU
	EndGlobalSection
	GlobalSection(ProjectConfigurationPlatforms) = postSolution
		{39067DED-AC40-43E3-9129-11AD10ACC390}.Debug|Any CPU.ActiveCfg = Debug|Any CPU
		{39067DED-AC40-43E3-9129-11AD10ACC390}.Debug|Any CPU.Build.0 = Debug|Any CPU
		{39067DED-AC40-43E3-9129-11AD10ACC390}.Release|Any CPU.ActiveCfg = Release|Any CPU
		{39067DED-AC40-43E3-9129-11AD10ACC390}.Release|Any CPU.Build.0 = Release|Any CPU
	EndGlobalSection
	GlobalSection(SolutionProperties) = preSolution
		HideSolutionNode = FALSE
	EndGlobalSection
	GlobalSection(ExtensibilityGlobals) = postSolution
		SolutionGuid = {E4352CA2-CB0B-414D-88B0-47BA7C53FFFF}
	EndGlobalSection
EndGlobal
